
Microsoft Visual Studio Solution File, Format Version 12.00
# Visual Studio Version 16
VisualStudioVersion = 16.0.29613.14
MinimumVisualStudioVersion = 10.0.40219.1
Project("{9A19103F-16F7-4668-BE54-9A1E7A4F7556}") = "Patterns", "Patterns\Patterns.csproj", "{E4C2CB4E-7660-4B83-9630-93950CA2C899}"
EndProject
Project("{9A19103F-16F7-4668-BE54-9A1E7A4F7556}") = "Strategy", "Strategy\Strategy.csproj", "{64524F0F-6242-49DD-9DD1-7E53211C7A94}"
EndProject
Project("{FAE04EC0-301F-11D3-BF4B-00C04F79EFBC}") = "Observer", "Observer\Observer.csproj", "{038B554F-157D-453D-8900-E32D1BFDCFEF}"
EndProject
Global
	GlobalSection(SolutionConfigurationPlatforms) = preSolution
		Debug|Any CPU = Debug|Any CPU
		Release|Any CPU = Release|Any CPU
	EndGlobalSection
	GlobalSection(ProjectConfigurationPlatforms) = postSolution
		{E4C2CB4E-7660-4B83-9630-93950CA2C899}.Debug|Any CPU.ActiveCfg = Debug|Any CPU
		{E4C2CB4E-7660-4B83-9630-93950CA2C899}.Debug|Any CPU.Build.0 = Debug|Any CPU
		{E4C2CB4E-7660-4B83-9630-93950CA2C899}.Release|Any CPU.ActiveCfg = Release|Any CPU
		{E4C2CB4E-7660-4B83-9630-93950CA2C899}.Release|Any CPU.Build.0 = Release|Any CPU
		{64524F0F-6242-49DD-9DD1-7E53211C7A94}.Debug|Any CPU.ActiveCfg = Debug|Any CPU
		{64524F0F-6242-49DD-9DD1-7E53211C7A94}.Debug|Any CPU.Build.0 = Debug|Any CPU
		{64524F0F-6242-49DD-9DD1-7E53211C7A94}.Release|Any CPU.ActiveCfg = Release|Any CPU
		{64524F0F-6242-49DD-9DD1-7E53211C7A94}.Release|Any CPU.Build.0 = Release|Any CPU
		{038B554F-157D-453D-8900-E32D1BFDCFEF}.Debug|Any CPU.ActiveCfg = Debug|Any CPU
		{038B554F-157D-453D-8900-E32D1BFDCFEF}.Debug|Any CPU.Build.0 = Debug|Any CPU
		{038B554F-157D-453D-8900-E32D1BFDCFEF}.Release|Any CPU.ActiveCfg = Release|Any CPU
		{038B554F-157D-453D-8900-E32D1BFDCFEF}.Release|Any CPU.Build.0 = Release|Any CPU
	EndGlobalSection
	GlobalSection(SolutionProperties) = preSolution
		HideSolutionNode = FALSE
	EndGlobalSection
	GlobalSection(ExtensibilityGlobals) = postSolution
		SolutionGuid = {EFA7DCBF-6759-4D5B-8D63-81E66EAEDCD0}
	EndGlobalSection
EndGlobal
